# THIS IS AN AUTOGENERATED FILE. DO NOT EDIT THIS FILE DIRECTLY.
# yarn lockfile v1


commander@^8.3.0:
  version "8.3.0"
  resolved "https://registry.yarnpkg.com/commander/-/commander-8.3.0.tgz#4837ea1b2da67b9c616a67afbb0fafee567bca66"
  integrity sha512-OkTL9umf+He2DZkUq8f8J9of7yL6RJKI24dVITBmNfZBmri9zYZQrKkuXiKhyfPSu8tUhnVBB1iKXevvnlR4Ww==

dotenv@^12.0.4:
  version "12.0.4"
  resolved "https://registry.yarnpkg.com/dotenv/-/dotenv-12.0.4.tgz#87e302cfddeef475fcaf9a617f7b44f80ac555bc"
  integrity sha512-oWdqbSywffzH1l4WXKPHWA0TWYpqp7IyLfqjipT4upoIFS0HPMqtNotykQpD4iIg0BqtNmdgPCh2WMvMt7yTiw==
